
Microsoft Visual Studio Solution File, Format Version 12.00
# Visual Studio 15
VisualStudioVersion = 15.0.27004.2009
MinimumVisualStudioVersion = 10.0.40219.1
Project("{9A19103F-16F7-4668-BE54-9A1E7A4F7556}") = "Coda", "Coda\Coda.csproj", "{9DB52864-CEA9-4F55-9E9E-80CAC0427610}"
EndProject
Project("{FAE04EC0-301F-11D3-BF4B-00C04F79EFBC}") = "Coda.Data.Sql", "Coda.Data.Sql\Coda.Data.Sql.csproj", "{837E7A4A-0ACB-4D04-BD91-E45FA7A04C2E}"
EndProject
Project("{2150E333-8FDC-42A3-9474-1A3956D46DE8}") = "Solution Items", "Solution Items", "{12D01DDA-8FAC-4B5C-816F-4020FADAC2B1}"
	ProjectSection(SolutionItems) = preProject
		Cedita.ruleset = Cedita.ruleset
		Stylecop.json = Stylecop.json
	EndProjectSection
EndProject
Project("{9A19103F-16F7-4668-BE54-9A1E7A4F7556}") = "Coda.Cache", "Coda.Cache\Coda.Cache.csproj", "{3A866D75-F94C-44C1-9D62-B27B0486476D}"
EndProject
Project("{FAE04EC0-301F-11D3-BF4B-00C04F79EFBC}") = "Coda.Data.SqlNs", "Coda.Data.SqlNs\Coda.Data.SqlNs.csproj", "{D4593789-422C-4D76-A045-A1283989258E}"
EndProject
Global
	GlobalSection(SolutionConfigurationPlatforms) = preSolution
		Debug|Any CPU = Debug|Any CPU
		Release|Any CPU = Release|Any CPU
	EndGlobalSection
	GlobalSection(ProjectConfigurationPlatforms) = postSolution
		{9DB52864-CEA9-4F55-9E9E-80CAC0427610}.Debug|Any CPU.ActiveCfg = Debug|Any CPU
		{9DB52864-CEA9-4F55-9E9E-80CAC0427610}.Debug|Any CPU.Build.0 = Debug|Any CPU
		{9DB52864-CEA9-4F55-9E9E-80CAC0427610}.Release|Any CPU.ActiveCfg = Release|Any CPU
		{9DB52864-CEA9-4F55-9E9E-80CAC0427610}.Release|Any CPU.Build.0 = Release|Any CPU
		{837E7A4A-0ACB-4D04-BD91-E45FA7A04C2E}.Debug|Any CPU.ActiveCfg = Debug|Any CPU
		{837E7A4A-0ACB-4D04-BD91-E45FA7A04C2E}.Debug|Any CPU.Build.0 = Debug|Any CPU
		{837E7A4A-0ACB-4D04-BD91-E45FA7A04C2E}.Release|Any CPU.ActiveCfg = Release|Any CPU
		{837E7A4A-0ACB-4D04-BD91-E45FA7A04C2E}.Release|Any CPU.Build.0 = Release|Any CPU
		{3A866D75-F94C-44C1-9D62-B27B0486476D}.Debug|Any CPU.ActiveCfg = Debug|Any CPU
		{3A866D75-F94C-44C1-9D62-B27B0486476D}.Debug|Any CPU.Build.0 = Debug|Any CPU
		{3A866D75-F94C-44C1-9D62-B27B0486476D}.Release|Any CPU.ActiveCfg = Release|Any CPU
		{3A866D75-F94C-44C1-9D62-B27B0486476D}.Release|Any CPU.Build.0 = Release|Any CPU
		{D4593789-422C-4D76-A045-A1283989258E}.Debug|Any CPU.ActiveCfg = Debug|Any CPU
		{D4593789-422C-4D76-A045-A1283989258E}.Debug|Any CPU.Build.0 = Debug|Any CPU
		{D4593789-422C-4D76-A045-A1283989258E}.Release|Any CPU.ActiveCfg = Release|Any CPU
		{D4593789-422C-4D76-A045-A1283989258E}.Release|Any CPU.Build.0 = Release|Any CPU
	EndGlobalSection
	GlobalSection(SolutionProperties) = preSolution
		HideSolutionNode = FALSE
	EndGlobalSection
	GlobalSection(ExtensibilityGlobals) = postSolution
		SolutionGuid = {8D09B6FC-4345-40FC-B2BC-D92ED1106CDF}
	EndGlobalSection
EndGlobal
